{
  "requires": true,
  "lockfileVersion": 1,
  "dependencies": {
    "mp-html": {
      "version": "2.0.3",
      "resolved": "https://registry.npmjs.org/mp-html/-/mp-html-2.0.3.tgz",
      "integrity": "sha512-UIss/Tz0oAcfB4mDwsgSLPrZcCNOfYPtUoF+vbANpX/XNYKZE4qhcQIjzg9YGqtkj/d22a8yFYcA59RVDC6ZMQ=="
    }
  }
}
